// !$*UTF8*$!
{
	archiveVersion = 1;
	classes = {
	};
	objectVersion = 56;
	objects = {

/* Begin PBXBuildFile section */
		63BEAC432BC634FC002F3B42 /* RegisterScreen.swift in Sources */ = {isa = PBXBuildFile; fileRef = 63BEAC422BC634FC002F3B42 /* RegisterScreen.swift */; };
		63BEAC462BC63525002F3B42 /* RegisterController.swift in Sources */ = {isa = PBXBuildFile; fileRef = 63BEAC452BC63525002F3B42 /* RegisterController.swift */; };
		852220822BC0C1EA008F11CE /* HomeHeaderView.swift in Sources */ = {isa = PBXBuildFile; fileRef = 852220812BC0C1EA008F11CE /* HomeHeaderView.swift */; };
		8590120A2BBF58850046283C /* HomeVC.swift in Sources */ = {isa = PBXBuildFile; fileRef = 859012092BBF58850046283C /* HomeVC.swift */; };
		8590120E2BBF58B10046283C /* HomeScreen.swift in Sources */ = {isa = PBXBuildFile; fileRef = 8590120D2BBF58B10046283C /* HomeScreen.swift */; };
		859012112BBF623D0046283C /* HomeTableViewCell.swift in Sources */ = {isa = PBXBuildFile; fileRef = 859012102BBF623D0046283C /* HomeTableViewCell.swift */; };
		859012142BBF63920046283C /* HomeTableViewCellScreen.swift in Sources */ = {isa = PBXBuildFile; fileRef = 859012132BBF63920046283C /* HomeTableViewCellScreen.swift */; };
		A31367202BB7889F00F0CF5A /* AppDelegate.swift in Sources */ = {isa = PBXBuildFile; fileRef = A313671F2BB7889F00F0CF5A /* AppDelegate.swift */; };
		A31367222BB7889F00F0CF5A /* SceneDelegate.swift in Sources */ = {isa = PBXBuildFile; fileRef = A31367212BB7889F00F0CF5A /* SceneDelegate.swift */; };
		A31367242BB7889F00F0CF5A /* ViewController.swift in Sources */ = {isa = PBXBuildFile; fileRef = A31367232BB7889F00F0CF5A /* ViewController.swift */; };
		A31367292BB788A000F0CF5A /* Assets.xcassets in Resources */ = {isa = PBXBuildFile; fileRef = A31367282BB788A000F0CF5A /* Assets.xcassets */; };
		A313672C2BB788A000F0CF5A /* Base in Resources */ = {isa = PBXBuildFile; fileRef = A313672B2BB788A000F0CF5A /* Base */; };
		E8C4040F2BB799F800226BDC /* LoginViewController.swift in Sources */ = {isa = PBXBuildFile; fileRef = E8C4040E2BB799F800226BDC /* LoginViewController.swift */; };
		E8C404112BB79F5700226BDC /* LoginScreen.swift in Sources */ = {isa = PBXBuildFile; fileRef = E8C404102BB79F5700226BDC /* LoginScreen.swift */; };
		E8C404272BB8015300226BDC /* DMSans-Bold.ttf in Resources */ = {isa = PBXBuildFile; fileRef = E8C404152BB8015200226BDC /* DMSans-Bold.ttf */; };
		E8C404282BB8015300226BDC /* DMSans-BoldItalic.ttf in Resources */ = {isa = PBXBuildFile; fileRef = E8C404162BB8015200226BDC /* DMSans-BoldItalic.ttf */; };
		E8C404292BB8015300226BDC /* DMSans-Regular.ttf in Resources */ = {isa = PBXBuildFile; fileRef = E8C404172BB8015200226BDC /* DMSans-Regular.ttf */; };
		E8C4042A2BB8015300226BDC /* DMSans-SemiBold.ttf in Resources */ = {isa = PBXBuildFile; fileRef = E8C404182BB8015200226BDC /* DMSans-SemiBold.ttf */; };
		E8C4042B2BB8015300226BDC /* DMSans-SemiBoldItalic.ttf in Resources */ = {isa = PBXBuildFile; fileRef = E8C404192BB8015200226BDC /* DMSans-SemiBoldItalic.ttf */; };
		E8C4042C2BB8015300226BDC /* DMSans-ThinItalic.ttf in Resources */ = {isa = PBXBuildFile; fileRef = E8C4041A2BB8015200226BDC /* DMSans-ThinItalic.ttf */; };
		E8C4042D2BB8015300226BDC /* DMSans-ExtraBold.ttf in Resources */ = {isa = PBXBuildFile; fileRef = E8C4041B2BB8015200226BDC /* DMSans-ExtraBold.ttf */; };
		E8C4042E2BB8015300226BDC /* DMSans-MediumItalic.ttf in Resources */ = {isa = PBXBuildFile; fileRef = E8C4041C2BB8015200226BDC /* DMSans-MediumItalic.ttf */; };
		E8C4042F2BB8015300226BDC /* DMSans-LightItalic.ttf in Resources */ = {isa = PBXBuildFile; fileRef = E8C4041D2BB8015200226BDC /* DMSans-LightItalic.ttf */; };
		E8C404302BB8015300226BDC /* DMSans-Medium.ttf in Resources */ = {isa = PBXBuildFile; fileRef = E8C4041E2BB8015200226BDC /* DMSans-Medium.ttf */; };
		E8C404312BB8015300226BDC /* DMSans-ExtraLight.ttf in Resources */ = {isa = PBXBuildFile; fileRef = E8C4041F2BB8015200226BDC /* DMSans-ExtraLight.ttf */; };
		E8C404322BB8015300226BDC /* DMSans-Light.ttf in Resources */ = {isa = PBXBuildFile; fileRef = E8C404202BB8015200226BDC /* DMSans-Light.ttf */; };
		E8C404332BB8015300226BDC /* DMSans-ExtraBoldItalic.ttf in Resources */ = {isa = PBXBuildFile; fileRef = E8C404212BB8015200226BDC /* DMSans-ExtraBoldItalic.ttf */; };
		E8C404342BB8015300226BDC /* DMSans-BlackItalic.ttf in Resources */ = {isa = PBXBuildFile; fileRef = E8C404222BB8015200226BDC /* DMSans-BlackItalic.ttf */; };
		E8C404352BB8015300226BDC /* DMSans-Italic.ttf in Resources */ = {isa = PBXBuildFile; fileRef = E8C404232BB8015200226BDC /* DMSans-Italic.ttf */; };
		E8C404362BB8015300226BDC /* DMSans-ExtraLightItalic.ttf in Resources */ = {isa = PBXBuildFile; fileRef = E8C404242BB8015200226BDC /* DMSans-ExtraLightItalic.ttf */; };
		E8C404372BB8015300226BDC /* DMSans-Black.ttf in Resources */ = {isa = PBXBuildFile; fileRef = E8C404252BB8015200226BDC /* DMSans-Black.ttf */; };
		E8C404382BB8015300226BDC /* DMSans-Thin.ttf in Resources */ = {isa = PBXBuildFile; fileRef = E8C404262BB8015300226BDC /* DMSans-Thin.ttf */; };
		E8C4044D2BBBFD1E00226BDC /* Urbanist-ExtraLight.ttf in Resources */ = {isa = PBXBuildFile; fileRef = E8C4043B2BBBFD1C00226BDC /* Urbanist-ExtraLight.ttf */; };
		E8C4044E2BBBFD1E00226BDC /* Urbanist-ExtraLightItalic.ttf in Resources */ = {isa = PBXBuildFile; fileRef = E8C4043C2BBBFD1C00226BDC /* Urbanist-ExtraLightItalic.ttf */; };
		E8C4044F2BBBFD1E00226BDC /* Urbanist-LightItalic.ttf in Resources */ = {isa = PBXBuildFile; fileRef = E8C4043D2BBBFD1D00226BDC /* Urbanist-LightItalic.ttf */; };
		E8C404502BBBFD1E00226BDC /* Urbanist-Light.ttf in Resources */ = {isa = PBXBuildFile; fileRef = E8C4043E2BBBFD1D00226BDC /* Urbanist-Light.ttf */; };
		E8C404512BBBFD1E00226BDC /* Urbanist-BlackItalic.ttf in Resources */ = {isa = PBXBuildFile; fileRef = E8C4043F2BBBFD1D00226BDC /* Urbanist-BlackItalic.ttf */; };
		E8C404522BBBFD1E00226BDC /* Urbanist-Bold.ttf in Resources */ = {isa = PBXBuildFile; fileRef = E8C404402BBBFD1D00226BDC /* Urbanist-Bold.ttf */; };
		E8C404532BBBFD1E00226BDC /* Urbanist-MediumItalic.ttf in Resources */ = {isa = PBXBuildFile; fileRef = E8C404412BBBFD1D00226BDC /* Urbanist-MediumItalic.ttf */; };
		E8C404542BBBFD1E00226BDC /* Urbanist-Thin.ttf in Resources */ = {isa = PBXBuildFile; fileRef = E8C404422BBBFD1D00226BDC /* Urbanist-Thin.ttf */; };
		E8C404552BBBFD1E00226BDC /* Urbanist-Regular.ttf in Resources */ = {isa = PBXBuildFile; fileRef = E8C404432BBBFD1D00226BDC /* Urbanist-Regular.ttf */; };
		E8C404562BBBFD1E00226BDC /* Urbanist-Medium.ttf in Resources */ = {isa = PBXBuildFile; fileRef = E8C404442BBBFD1D00226BDC /* Urbanist-Medium.ttf */; };
		E8C404572BBBFD1E00226BDC /* Urbanist-ExtraBold.ttf in Resources */ = {isa = PBXBuildFile; fileRef = E8C404452BBBFD1D00226BDC /* Urbanist-ExtraBold.ttf */; };
		E8C404582BBBFD1E00226BDC /* Urbanist-BoldItalic.ttf in Resources */ = {isa = PBXBuildFile; fileRef = E8C404462BBBFD1D00226BDC /* Urbanist-BoldItalic.ttf */; };
		E8C404592BBBFD1E00226BDC /* Urbanist-SemiBold.ttf in Resources */ = {isa = PBXBuildFile; fileRef = E8C404472BBBFD1D00226BDC /* Urbanist-SemiBold.ttf */; };
		E8C4045A2BBBFD1E00226BDC /* Urbanist-ThinItalic.ttf in Resources */ = {isa = PBXBuildFile; fileRef = E8C404482BBBFD1D00226BDC /* Urbanist-ThinItalic.ttf */; };
		E8C4045B2BBBFD1E00226BDC /* Urbanist-Black.ttf in Resources */ = {isa = PBXBuildFile; fileRef = E8C404492BBBFD1E00226BDC /* Urbanist-Black.ttf */; };
		E8C4045C2BBBFD1E00226BDC /* Urbanist-ExtraBoldItalic.ttf in Resources */ = {isa = PBXBuildFile; fileRef = E8C4044A2BBBFD1E00226BDC /* Urbanist-ExtraBoldItalic.ttf */; };
		E8C4045D2BBBFD1E00226BDC /* Urbanist-SemiBoldItalic.ttf in Resources */ = {isa = PBXBuildFile; fileRef = E8C4044B2BBBFD1E00226BDC /* Urbanist-SemiBoldItalic.ttf */; };
		E8C4045E2BBBFD1E00226BDC /* Urbanist-Italic.ttf in Resources */ = {isa = PBXBuildFile; fileRef = E8C4044C2BBBFD1E00226BDC /* Urbanist-Italic.ttf */; };
		E8C404602BBBFEEA00226BDC /* UrbanistFont.swift in Sources */ = {isa = PBXBuildFile; fileRef = E8C4045F2BBBFEEA00226BDC /* UrbanistFont.swift */; };
		E8C404622BBC013500226BDC /* DMSansFont.swift in Sources */ = {isa = PBXBuildFile; fileRef = E8C404612BBC013500226BDC /* DMSansFont.swift */; };
/* End PBXBuildFile section */

/* Begin PBXFileReference section */
		63BEAC422BC634FC002F3B42 /* RegisterScreen.swift */ = {isa = PBXFileReference; lastKnownFileType = sourcecode.swift; path = RegisterScreen.swift; sourceTree = "<group>"; };
		63BEAC452BC63525002F3B42 /* RegisterController.swift */ = {isa = PBXFileReference; lastKnownFileType = sourcecode.swift; path = RegisterController.swift; sourceTree = "<group>"; };
		852220812BC0C1EA008F11CE /* HomeHeaderView.swift */ = {isa = PBXFileReference; lastKnownFileType = sourcecode.swift; path = HomeHeaderView.swift; sourceTree = "<group>"; };
		859012092BBF58850046283C /* HomeVC.swift */ = {isa = PBXFileReference; lastKnownFileType = sourcecode.swift; path = HomeVC.swift; sourceTree = "<group>"; };
		8590120D2BBF58B10046283C /* HomeScreen.swift */ = {isa = PBXFileReference; lastKnownFileType = sourcecode.swift; path = HomeScreen.swift; sourceTree = "<group>"; };
		859012102BBF623D0046283C /* HomeTableViewCell.swift */ = {isa = PBXFileReference; lastKnownFileType = sourcecode.swift; path = HomeTableViewCell.swift; sourceTree = "<group>"; };
		859012132BBF63920046283C /* HomeTableViewCellScreen.swift */ = {isa = PBXFileReference; lastKnownFileType = sourcecode.swift; path = HomeTableViewCellScreen.swift; sourceTree = "<group>"; };
		A313671C2BB7889F00F0CF5A /* Birdler.app */ = {isa = PBXFileReference; explicitFileType = wrapper.application; includeInIndex = 0; path = Birdler.app; sourceTree = BUILT_PRODUCTS_DIR; };
		A313671F2BB7889F00F0CF5A /* AppDelegate.swift */ = {isa = PBXFileReference; lastKnownFileType = sourcecode.swift; path = AppDelegate.swift; sourceTree = "<group>"; };
		A31367212BB7889F00F0CF5A /* SceneDelegate.swift */ = {isa = PBXFileReference; lastKnownFileType = sourcecode.swift; path = SceneDelegate.swift; sourceTree = "<group>"; };
		A31367232BB7889F00F0CF5A /* ViewController.swift */ = {isa = PBXFileReference; lastKnownFileType = sourcecode.swift; path = ViewController.swift; sourceTree = "<group>"; };
		A31367282BB788A000F0CF5A /* Assets.xcassets */ = {isa = PBXFileReference; lastKnownFileType = folder.assetcatalog; path = Assets.xcassets; sourceTree = "<group>"; };
		A313672B2BB788A000F0CF5A /* Base */ = {isa = PBXFileReference; lastKnownFileType = file.storyboard; name = Base; path = Base.lproj/LaunchScreen.storyboard; sourceTree = "<group>"; };
		A313672D2BB788A000F0CF5A /* Info.plist */ = {isa = PBXFileReference; lastKnownFileType = text.plist.xml; path = Info.plist; sourceTree = "<group>"; };
		E8C4040E2BB799F800226BDC /* LoginViewController.swift */ = {isa = PBXFileReference; lastKnownFileType = sourcecode.swift; path = LoginViewController.swift; sourceTree = "<group>"; };
		E8C404102BB79F5700226BDC /* LoginScreen.swift */ = {isa = PBXFileReference; lastKnownFileType = sourcecode.swift; path = LoginScreen.swift; sourceTree = "<group>"; };
		E8C404152BB8015200226BDC /* DMSans-Bold.ttf */ = {isa = PBXFileReference; lastKnownFileType = file; path = "DMSans-Bold.ttf"; sourceTree = "<group>"; };
		E8C404162BB8015200226BDC /* DMSans-BoldItalic.ttf */ = {isa = PBXFileReference; lastKnownFileType = file; path = "DMSans-BoldItalic.ttf"; sourceTree = "<group>"; };
		E8C404172BB8015200226BDC /* DMSans-Regular.ttf */ = {isa = PBXFileReference; lastKnownFileType = file; path = "DMSans-Regular.ttf"; sourceTree = "<group>"; };
		E8C404182BB8015200226BDC /* DMSans-SemiBold.ttf */ = {isa = PBXFileReference; lastKnownFileType = file; path = "DMSans-SemiBold.ttf"; sourceTree = "<group>"; };
		E8C404192BB8015200226BDC /* DMSans-SemiBoldItalic.ttf */ = {isa = PBXFileReference; lastKnownFileType = file; path = "DMSans-SemiBoldItalic.ttf"; sourceTree = "<group>"; };
		E8C4041A2BB8015200226BDC /* DMSans-ThinItalic.ttf */ = {isa = PBXFileReference; lastKnownFileType = file; path = "DMSans-ThinItalic.ttf"; sourceTree = "<group>"; };
		E8C4041B2BB8015200226BDC /* DMSans-ExtraBold.ttf */ = {isa = PBXFileReference; lastKnownFileType = file; path = "DMSans-ExtraBold.ttf"; sourceTree = "<group>"; };
		E8C4041C2BB8015200226BDC /* DMSans-MediumItalic.ttf */ = {isa = PBXFileReference; lastKnownFileType = file; path = "DMSans-MediumItalic.ttf"; sourceTree = "<group>"; };
		E8C4041D2BB8015200226BDC /* DMSans-LightItalic.ttf */ = {isa = PBXFileReference; lastKnownFileType = file; path = "DMSans-LightItalic.ttf"; sourceTree = "<group>"; };
		E8C4041E2BB8015200226BDC /* DMSans-Medium.ttf */ = {isa = PBXFileReference; lastKnownFileType = file; path = "DMSans-Medium.ttf"; sourceTree = "<group>"; };
		E8C4041F2BB8015200226BDC /* DMSans-ExtraLight.ttf */ = {isa = PBXFileReference; lastKnownFileType = file; path = "DMSans-ExtraLight.ttf"; sourceTree = "<group>"; };
		E8C404202BB8015200226BDC /* DMSans-Light.ttf */ = {isa = PBXFileReference; lastKnownFileType = file; path = "DMSans-Light.ttf"; sourceTree = "<group>"; };
		E8C404212BB8015200226BDC /* DMSans-ExtraBoldItalic.ttf */ = {isa = PBXFileReference; lastKnownFileType = file; path = "DMSans-ExtraBoldItalic.ttf"; sourceTree = "<group>"; };
		E8C404222BB8015200226BDC /* DMSans-BlackItalic.ttf */ = {isa = PBXFileReference; lastKnownFileType = file; path = "DMSans-BlackItalic.ttf"; sourceTree = "<group>"; };
		E8C404232BB8015200226BDC /* DMSans-Italic.ttf */ = {isa = PBXFileReference; lastKnownFileType = file; path = "DMSans-Italic.ttf"; sourceTree = "<group>"; };
		E8C404242BB8015200226BDC /* DMSans-ExtraLightItalic.ttf */ = {isa = PBXFileReference; lastKnownFileType = file; path = "DMSans-ExtraLightItalic.ttf"; sourceTree = "<group>"; };
		E8C404252BB8015200226BDC /* DMSans-Black.ttf */ = {isa = PBXFileReference; lastKnownFileType = file; path = "DMSans-Black.ttf"; sourceTree = "<group>"; };
		E8C404262BB8015300226BDC /* DMSans-Thin.ttf */ = {isa = PBXFileReference; lastKnownFileType = file; path = "DMSans-Thin.ttf"; sourceTree = "<group>"; };
		E8C4043B2BBBFD1C00226BDC /* Urbanist-ExtraLight.ttf */ = {isa = PBXFileReference; lastKnownFileType = file; path = "Urbanist-ExtraLight.ttf"; sourceTree = "<group>"; };
		E8C4043C2BBBFD1C00226BDC /* Urbanist-ExtraLightItalic.ttf */ = {isa = PBXFileReference; lastKnownFileType = file; path = "Urbanist-ExtraLightItalic.ttf"; sourceTree = "<group>"; };
		E8C4043D2BBBFD1D00226BDC /* Urbanist-LightItalic.ttf */ = {isa = PBXFileReference; lastKnownFileType = file; path = "Urbanist-LightItalic.ttf"; sourceTree = "<group>"; };
		E8C4043E2BBBFD1D00226BDC /* Urbanist-Light.ttf */ = {isa = PBXFileReference; lastKnownFileType = file; path = "Urbanist-Light.ttf"; sourceTree = "<group>"; };
		E8C4043F2BBBFD1D00226BDC /* Urbanist-BlackItalic.ttf */ = {isa = PBXFileReference; lastKnownFileType = file; path = "Urbanist-BlackItalic.ttf"; sourceTree = "<group>"; };
		E8C404402BBBFD1D00226BDC /* Urbanist-Bold.ttf */ = {isa = PBXFileReference; lastKnownFileType = file; path = "Urbanist-Bold.ttf"; sourceTree = "<group>"; };
		E8C404412BBBFD1D00226BDC /* Urbanist-MediumItalic.ttf */ = {isa = PBXFileReference; lastKnownFileType = file; path = "Urbanist-MediumItalic.ttf"; sourceTree = "<group>"; };
		E8C404422BBBFD1D00226BDC /* Urbanist-Thin.ttf */ = {isa = PBXFileReference; lastKnownFileType = file; path = "Urbanist-Thin.ttf"; sourceTree = "<group>"; };
		E8C404432BBBFD1D00226BDC /* Urbanist-Regular.ttf */ = {isa = PBXFileReference; lastKnownFileType = file; path = "Urbanist-Regular.ttf"; sourceTree = "<group>"; };
		E8C404442BBBFD1D00226BDC /* Urbanist-Medium.ttf */ = {isa = PBXFileReference; lastKnownFileType = file; path = "Urbanist-Medium.ttf"; sourceTree = "<group>"; };
		E8C404452BBBFD1D00226BDC /* Urbanist-ExtraBold.ttf */ = {isa = PBXFileReference; lastKnownFileType = file; path = "Urbanist-ExtraBold.ttf"; sourceTree = "<group>"; };
		E8C404462BBBFD1D00226BDC /* Urbanist-BoldItalic.ttf */ = {isa = PBXFileReference; lastKnownFileType = file; path = "Urbanist-BoldItalic.ttf"; sourceTree = "<group>"; };
		E8C404472BBBFD1D00226BDC /* Urbanist-SemiBold.ttf */ = {isa = PBXFileReference; lastKnownFileType = file; path = "Urbanist-SemiBold.ttf"; sourceTree = "<group>"; };
		E8C404482BBBFD1D00226BDC /* Urbanist-ThinItalic.ttf */ = {isa = PBXFileReference; lastKnownFileType = file; path = "Urbanist-ThinItalic.ttf"; sourceTree = "<group>"; };
		E8C404492BBBFD1E00226BDC /* Urbanist-Black.ttf */ = {isa = PBXFileReference; lastKnownFileType = file; path = "Urbanist-Black.ttf"; sourceTree = "<group>"; };
		E8C4044A2BBBFD1E00226BDC /* Urbanist-ExtraBoldItalic.ttf */ = {isa = PBXFileReference; lastKnownFileType = file; path = "Urbanist-ExtraBoldItalic.ttf"; sourceTree = "<group>"; };
		E8C4044B2BBBFD1E00226BDC /* Urbanist-SemiBoldItalic.ttf */ = {isa = PBXFileReference; lastKnownFileType = file; path = "Urbanist-SemiBoldItalic.ttf"; sourceTree = "<group>"; };
		E8C4044C2BBBFD1E00226BDC /* Urbanist-Italic.ttf */ = {isa = PBXFileReference; lastKnownFileType = file; path = "Urbanist-Italic.ttf"; sourceTree = "<group>"; };
		E8C4045F2BBBFEEA00226BDC /* UrbanistFont.swift */ = {isa = PBXFileReference; lastKnownFileType = sourcecode.swift; path = UrbanistFont.swift; sourceTree = "<group>"; };
		E8C404612BBC013500226BDC /* DMSansFont.swift */ = {isa = PBXFileReference; lastKnownFileType = sourcecode.swift; path = DMSansFont.swift; sourceTree = "<group>"; };
/* End PBXFileReference section */

/* Begin PBXFrameworksBuildPhase section */
		A31367192BB7889F00F0CF5A /* Frameworks */ = {
			isa = PBXFrameworksBuildPhase;
			buildActionMask = 2147483647;
			files = (
			);
			runOnlyForDeploymentPostprocessing = 0;
		};
/* End PBXFrameworksBuildPhase section */

/* Begin PBXGroup section */
		63BEAC402BC6347D002F3B42 /* Register */ = {
			isa = PBXGroup;
			children = (
				63BEAC412BC634D4002F3B42 /* Screen */,
				63BEAC442BC63503002F3B42 /* Controller */,
			);
			path = Register;
			sourceTree = "<group>";
		};
		63BEAC412BC634D4002F3B42 /* Screen */ = {
			isa = PBXGroup;
			children = (
				63BEAC422BC634FC002F3B42 /* RegisterScreen.swift */,
			);
			path = Screen;
			sourceTree = "<group>";
		};
		63BEAC442BC63503002F3B42 /* Controller */ = {
			isa = PBXGroup;
			children = (
				63BEAC452BC63525002F3B42 /* RegisterController.swift */,
			);
			path = Controller;
			sourceTree = "<group>";
		};
		852220802BC0C1A2008F11CE /* Headers */ = {
			isa = PBXGroup;
			children = (
				852220812BC0C1EA008F11CE /* HomeHeaderView.swift */,
			);
			path = Headers;
			sourceTree = "<group>";
		};
		859012062BBF58190046283C /* Controller */ = {
			isa = PBXGroup;
			children = (
				E8C4040E2BB799F800226BDC /* LoginViewController.swift */,
			);
			path = Controller;
			sourceTree = "<group>";
		};
		859012072BBF58270046283C /* Screen */ = {
			isa = PBXGroup;
			children = (
				E8C404102BB79F5700226BDC /* LoginScreen.swift */,
			);
			path = Screen;
			sourceTree = "<group>";
		};
		859012082BBF584C0046283C /* Home */ = {
			isa = PBXGroup;
			children = (
				8590120F2BBF62080046283C /* Cell */,
				8590120C2BBF589B0046283C /* Screen */,
				8590120B2BBF58900046283C /* Controller */,
			);
			path = Home;
			sourceTree = "<group>";
		};
		8590120B2BBF58900046283C /* Controller */ = {
			isa = PBXGroup;
			children = (
				859012092BBF58850046283C /* HomeVC.swift */,
			);
			path = Controller;
			sourceTree = "<group>";
		};
		8590120C2BBF589B0046283C /* Screen */ = {
			isa = PBXGroup;
			children = (
				8590120D2BBF58B10046283C /* HomeScreen.swift */,
			);
			path = Screen;
			sourceTree = "<group>";
		};
		8590120F2BBF62080046283C /* Cell */ = {
			isa = PBXGroup;
			children = (
				852220802BC0C1A2008F11CE /* Headers */,
				859012162BBF6C770046283C /* Controller */,
				859012122BBF63760046283C /* Screen */,
			);
			path = Cell;
			sourceTree = "<group>";
		};
		859012122BBF63760046283C /* Screen */ = {
			isa = PBXGroup;
			children = (
				859012132BBF63920046283C /* HomeTableViewCellScreen.swift */,
			);
			path = Screen;
			sourceTree = "<group>";
		};
		859012162BBF6C770046283C /* Controller */ = {
			isa = PBXGroup;
			children = (
				859012102BBF623D0046283C /* HomeTableViewCell.swift */,
			);
			path = Controller;
			sourceTree = "<group>";
		};
		A31367132BB7889F00F0CF5A = {
			isa = PBXGroup;
			children = (
				A313671E2BB7889F00F0CF5A /* Birdler */,
				A313671D2BB7889F00F0CF5A /* Products */,
			);
			sourceTree = "<group>";
		};
		A313671D2BB7889F00F0CF5A /* Products */ = {
			isa = PBXGroup;
			children = (
				A313671C2BB7889F00F0CF5A /* Birdler.app */,
			);
			name = Products;
			sourceTree = "<group>";
		};
		A313671E2BB7889F00F0CF5A /* Birdler */ = {
			isa = PBXGroup;
			children = (
				63BEAC402BC6347D002F3B42 /* Register */,
				859012082BBF584C0046283C /* Home */,
				E8C4040D2BB799A900226BDC /* Login */,
				A313671F2BB7889F00F0CF5A /* AppDelegate.swift */,
				A31367212BB7889F00F0CF5A /* SceneDelegate.swift */,
				A31367232BB7889F00F0CF5A /* ViewController.swift */,
				A31367282BB788A000F0CF5A /* Assets.xcassets */,
				A313672A2BB788A000F0CF5A /* LaunchScreen.storyboard */,
				A313672D2BB788A000F0CF5A /* Info.plist */,
			);
			path = Birdler;
			sourceTree = "<group>";
		};
		E8C4040D2BB799A900226BDC /* Login */ = {
			isa = PBXGroup;
			children = (
				859012072BBF58270046283C /* Screen */,
				859012062BBF58190046283C /* Controller */,
				E8C404122BB7FD6100226BDC /* Font */,
			);
			path = Login;
			sourceTree = "<group>";
		};
		E8C404122BB7FD6100226BDC /* Font */ = {
			isa = PBXGroup;
			children = (
				E8C404492BBBFD1E00226BDC /* Urbanist-Black.ttf */,
				E8C4043F2BBBFD1D00226BDC /* Urbanist-BlackItalic.ttf */,
				E8C404402BBBFD1D00226BDC /* Urbanist-Bold.ttf */,
				E8C404462BBBFD1D00226BDC /* Urbanist-BoldItalic.ttf */,
				E8C404452BBBFD1D00226BDC /* Urbanist-ExtraBold.ttf */,
				E8C4044A2BBBFD1E00226BDC /* Urbanist-ExtraBoldItalic.ttf */,
				E8C4043B2BBBFD1C00226BDC /* Urbanist-ExtraLight.ttf */,
				E8C4043C2BBBFD1C00226BDC /* Urbanist-ExtraLightItalic.ttf */,
				E8C4044C2BBBFD1E00226BDC /* Urbanist-Italic.ttf */,
				E8C4043E2BBBFD1D00226BDC /* Urbanist-Light.ttf */,
				E8C4043D2BBBFD1D00226BDC /* Urbanist-LightItalic.ttf */,
				E8C404442BBBFD1D00226BDC /* Urbanist-Medium.ttf */,
				E8C404412BBBFD1D00226BDC /* Urbanist-MediumItalic.ttf */,
				E8C404432BBBFD1D00226BDC /* Urbanist-Regular.ttf */,
				E8C404472BBBFD1D00226BDC /* Urbanist-SemiBold.ttf */,
				E8C4044B2BBBFD1E00226BDC /* Urbanist-SemiBoldItalic.ttf */,
				E8C404422BBBFD1D00226BDC /* Urbanist-Thin.ttf */,
				E8C404482BBBFD1D00226BDC /* Urbanist-ThinItalic.ttf */,
				E8C404252BB8015200226BDC /* DMSans-Black.ttf */,
				E8C404222BB8015200226BDC /* DMSans-BlackItalic.ttf */,
				E8C404152BB8015200226BDC /* DMSans-Bold.ttf */,
				E8C404162BB8015200226BDC /* DMSans-BoldItalic.ttf */,
				E8C4041B2BB8015200226BDC /* DMSans-ExtraBold.ttf */,
				E8C404212BB8015200226BDC /* DMSans-ExtraBoldItalic.ttf */,
				E8C4041F2BB8015200226BDC /* DMSans-ExtraLight.ttf */,
				E8C404242BB8015200226BDC /* DMSans-ExtraLightItalic.ttf */,
				E8C404232BB8015200226BDC /* DMSans-Italic.ttf */,
				E8C404202BB8015200226BDC /* DMSans-Light.ttf */,
				E8C4041D2BB8015200226BDC /* DMSans-LightItalic.ttf */,
				E8C4041E2BB8015200226BDC /* DMSans-Medium.ttf */,
				E8C4041C2BB8015200226BDC /* DMSans-MediumItalic.ttf */,
				E8C404172BB8015200226BDC /* DMSans-Regular.ttf */,
				E8C404182BB8015200226BDC /* DMSans-SemiBold.ttf */,
				E8C404192BB8015200226BDC /* DMSans-SemiBoldItalic.ttf */,
				E8C404262BB8015300226BDC /* DMSans-Thin.ttf */,
				E8C4041A2BB8015200226BDC /* DMSans-ThinItalic.ttf */,
				E8C4045F2BBBFEEA00226BDC /* UrbanistFont.swift */,
				E8C404612BBC013500226BDC /* DMSansFont.swift */,
			);
			path = Font;
			sourceTree = "<group>";
		};
/* End PBXGroup section */

/* Begin PBXNativeTarget section */
		A313671B2BB7889F00F0CF5A /* Birdler */ = {
			isa = PBXNativeTarget;
			buildConfigurationList = A31367302BB788A000F0CF5A /* Build configuration list for PBXNativeTarget "Birdler" */;
			buildPhases = (
				A31367182BB7889F00F0CF5A /* Sources */,
				A31367192BB7889F00F0CF5A /* Frameworks */,
				A313671A2BB7889F00F0CF5A /* Resources */,
			);
			buildRules = (
			);
			dependencies = (
			);
			name = Birdler;
			productName = Birdler;
			productReference = A313671C2BB7889F00F0CF5A /* Birdler.app */;
			productType = "com.apple.product-type.application";
		};
/* End PBXNativeTarget section */

/* Begin PBXProject section */
		A31367142BB7889F00F0CF5A /* Project object */ = {
			isa = PBXProject;
			attributes = {
				BuildIndependentTargetsInParallel = 1;
				LastSwiftUpdateCheck = 1530;
				LastUpgradeCheck = 1530;
				TargetAttributes = {
					A313671B2BB7889F00F0CF5A = {
						CreatedOnToolsVersion = 15.3;
					};
				};
			};
			buildConfigurationList = A31367172BB7889F00F0CF5A /* Build configuration list for PBXProject "Birdler" */;
			compatibilityVersion = "Xcode 14.0";
			developmentRegion = en;
			hasScannedForEncodings = 0;
			knownRegions = (
				en,
				Base,
			);
			mainGroup = A31367132BB7889F00F0CF5A;
			productRefGroup = A313671D2BB7889F00F0CF5A /* Products */;
			projectDirPath = "";
			projectRoot = "";
			targets = (
				A313671B2BB7889F00F0CF5A /* Birdler */,
			);
		};
/* End PBXProject section */

/* Begin PBXResourcesBuildPhase section */
		A313671A2BB7889F00F0CF5A /* Resources */ = {
			isa = PBXResourcesBuildPhase;
			buildActionMask = 2147483647;
			files = (
				E8C404572BBBFD1E00226BDC /* Urbanist-ExtraBold.ttf in Resources */,
				E8C4044E2BBBFD1E00226BDC /* Urbanist-ExtraLightItalic.ttf in Resources */,
				E8C4045D2BBBFD1E00226BDC /* Urbanist-SemiBoldItalic.ttf in Resources */,
				E8C4042D2BB8015300226BDC /* DMSans-ExtraBold.ttf in Resources */,
				E8C404312BB8015300226BDC /* DMSans-ExtraLight.ttf in Resources */,
				E8C404292BB8015300226BDC /* DMSans-Regular.ttf in Resources */,
				A31367292BB788A000F0CF5A /* Assets.xcassets in Resources */,
				E8C404532BBBFD1E00226BDC /* Urbanist-MediumItalic.ttf in Resources */,
				E8C404352BB8015300226BDC /* DMSans-Italic.ttf in Resources */,
				E8C4042E2BB8015300226BDC /* DMSans-MediumItalic.ttf in Resources */,
				E8C4045A2BBBFD1E00226BDC /* Urbanist-ThinItalic.ttf in Resources */,
				E8C404522BBBFD1E00226BDC /* Urbanist-Bold.ttf in Resources */,
				E8C4045E2BBBFD1E00226BDC /* Urbanist-Italic.ttf in Resources */,
				E8C404272BB8015300226BDC /* DMSans-Bold.ttf in Resources */,
				E8C404302BB8015300226BDC /* DMSans-Medium.ttf in Resources */,
				E8C404592BBBFD1E00226BDC /* Urbanist-SemiBold.ttf in Resources */,
				E8C404512BBBFD1E00226BDC /* Urbanist-BlackItalic.ttf in Resources */,
				E8C4044F2BBBFD1E00226BDC /* Urbanist-LightItalic.ttf in Resources */,
				E8C404562BBBFD1E00226BDC /* Urbanist-Medium.ttf in Resources */,
				E8C404322BB8015300226BDC /* DMSans-Light.ttf in Resources */,
				E8C4045B2BBBFD1E00226BDC /* Urbanist-Black.ttf in Resources */,
				E8C404552BBBFD1E00226BDC /* Urbanist-Regular.ttf in Resources */,
				E8C4044D2BBBFD1E00226BDC /* Urbanist-ExtraLight.ttf in Resources */,
				E8C404342BB8015300226BDC /* DMSans-BlackItalic.ttf in Resources */,
				E8C4042A2BB8015300226BDC /* DMSans-SemiBold.ttf in Resources */,
				A313672C2BB788A000F0CF5A /* Base in Resources */,
				E8C4045C2BBBFD1E00226BDC /* Urbanist-ExtraBoldItalic.ttf in Resources */,
				E8C404332BB8015300226BDC /* DMSans-ExtraBoldItalic.ttf in Resources */,
				E8C4042C2BB8015300226BDC /* DMSans-ThinItalic.ttf in Resources */,
				E8C404362BB8015300226BDC /* DMSans-ExtraLightItalic.ttf in Resources */,
				E8C404542BBBFD1E00226BDC /* Urbanist-Thin.ttf in Resources */,
				E8C4042F2BB8015300226BDC /* DMSans-LightItalic.ttf in Resources */,
				E8C404502BBBFD1E00226BDC /* Urbanist-Light.ttf in Resources */,
				E8C404282BB8015300226BDC /* DMSans-BoldItalic.ttf in Resources */,
				E8C404382BB8015300226BDC /* DMSans-Thin.ttf in Resources */,
				E8C404372BB8015300226BDC /* DMSans-Black.ttf in Resources */,
				E8C4042B2BB8015300226BDC /* DMSans-SemiBoldItalic.ttf in Resources */,
				E8C404582BBBFD1E00226BDC /* Urbanist-BoldItalic.ttf in Resources */,
			);
			runOnlyForDeploymentPostprocessing = 0;
		};
/* End PBXResourcesBuildPhase section */

/* Begin PBXSourcesBuildPhase section */
		A31367182BB7889F00F0CF5A /* Sources */ = {
			isa = PBXSourcesBuildPhase;
			buildActionMask = 2147483647;
			files = (
				852220822BC0C1EA008F11CE /* HomeHeaderView.swift in Sources */,
				E8C404602BBBFEEA00226BDC /* UrbanistFont.swift in Sources */,
				8590120A2BBF58850046283C /* HomeVC.swift in Sources */,
				E8C4040F2BB799F800226BDC /* LoginViewController.swift in Sources */,
				A31367242BB7889F00F0CF5A /* ViewController.swift in Sources */,
				A31367202BB7889F00F0CF5A /* AppDelegate.swift in Sources */,
				859012142BBF63920046283C /* HomeTableViewCellScreen.swift in Sources */,
				8590120E2BBF58B10046283C /* HomeScreen.swift in Sources */,
				63BEAC432BC634FC002F3B42 /* RegisterScreen.swift in Sources */,
				859012112BBF623D0046283C /* HomeTableViewCell.swift in Sources */,
				63BEAC462BC63525002F3B42 /* RegisterController.swift in Sources */,
				E8C404622BBC013500226BDC /* DMSansFont.swift in Sources */,
				A31367222BB7889F00F0CF5A /* SceneDelegate.swift in Sources */,
				E8C404112BB79F5700226BDC /* LoginScreen.swift in Sources */,
			);
			runOnlyForDeploymentPostprocessing = 0;
		};
/* End PBXSourcesBuildPhase section */

/* Begin PBXVariantGroup section */
		A313672A2BB788A000F0CF5A /* LaunchScreen.storyboard */ = {
			isa = PBXVariantGroup;
			children = (
				A313672B2BB788A000F0CF5A /* Base */,
			);
			name = LaunchScreen.storyboard;
			sourceTree = "<group>";
		};
/* End PBXVariantGroup section */

/* Begin XCBuildConfiguration section */
		A313672E2BB788A000F0CF5A /* Debug */ = {
			isa = XCBuildConfiguration;
			buildSettings = {
				ALWAYS_SEARCH_USER_PATHS = NO;
				ASSETCATALOG_COMPILER_GENERATE_SWIFT_ASSET_SYMBOL_EXTENSIONS = YES;
				CLANG_ANALYZER_NONNULL = YES;
				CLANG_ANALYZER_NUMBER_OBJECT_CONVERSION = YES_AGGRESSIVE;
				CLANG_CXX_LANGUAGE_STANDARD = "gnu++20";
				CLANG_ENABLE_MODULES = YES;
				CLANG_ENABLE_OBJC_ARC = YES;
				CLANG_ENABLE_OBJC_WEAK = YES;
				CLANG_WARN_BLOCK_CAPTURE_AUTORELEASING = YES;
				CLANG_WARN_BOOL_CONVERSION = YES;
				CLANG_WARN_COMMA = YES;
				CLANG_WARN_CONSTANT_CONVERSION = YES;
				CLANG_WARN_DEPRECATED_OBJC_IMPLEMENTATIONS = YES;
				CLANG_WARN_DIRECT_OBJC_ISA_USAGE = YES_ERROR;
				CLANG_WARN_DOCUMENTATION_COMMENTS = YES;
				CLANG_WARN_EMPTY_BODY = YES;
				CLANG_WARN_ENUM_CONVERSION = YES;
				CLANG_WARN_INFINITE_RECURSION = YES;
				CLANG_WARN_INT_CONVERSION = YES;
				CLANG_WARN_NON_LITERAL_NULL_CONVERSION = YES;
				CLANG_WARN_OBJC_IMPLICIT_RETAIN_SELF = YES;
				CLANG_WARN_OBJC_LITERAL_CONVERSION = YES;
				CLANG_WARN_OBJC_ROOT_CLASS = YES_ERROR;
				CLANG_WARN_QUOTED_INCLUDE_IN_FRAMEWORK_HEADER = YES;
				CLANG_WARN_RANGE_LOOP_ANALYSIS = YES;
				CLANG_WARN_STRICT_PROTOTYPES = YES;
				CLANG_WARN_SUSPICIOUS_MOVE = YES;
				CLANG_WARN_UNGUARDED_AVAILABILITY = YES_AGGRESSIVE;
				CLANG_WARN_UNREACHABLE_CODE = YES;
				CLANG_WARN__DUPLICATE_METHOD_MATCH = YES;
				COPY_PHASE_STRIP = NO;
				DEBUG_INFORMATION_FORMAT = dwarf;
				ENABLE_STRICT_OBJC_MSGSEND = YES;
				ENABLE_TESTABILITY = YES;
				ENABLE_USER_SCRIPT_SANDBOXING = YES;
				GCC_C_LANGUAGE_STANDARD = gnu17;
				GCC_DYNAMIC_NO_PIC = NO;
				GCC_NO_COMMON_BLOCKS = YES;
				GCC_OPTIMIZATION_LEVEL = 0;
				GCC_PREPROCESSOR_DEFINITIONS = (
					"DEBUG=1",
					"$(inherited)",
				);
				GCC_WARN_64_TO_32_BIT_CONVERSION = YES;
				GCC_WARN_ABOUT_RETURN_TYPE = YES_ERROR;
				GCC_WARN_UNDECLARED_SELECTOR = YES;
				GCC_WARN_UNINITIALIZED_AUTOS = YES_AGGRESSIVE;
				GCC_WARN_UNUSED_FUNCTION = YES;
				GCC_WARN_UNUSED_VARIABLE = YES;
				IPHONEOS_DEPLOYMENT_TARGET = 17.4;
				LOCALIZATION_PREFERS_STRING_CATALOGS = YES;
				MTL_ENABLE_DEBUG_INFO = INCLUDE_SOURCE;
				MTL_FAST_MATH = YES;
				ONLY_ACTIVE_ARCH = YES;
				SDKROOT = iphoneos;
				SWIFT_ACTIVE_COMPILATION_CONDITIONS = "DEBUG $(inherited)";
				SWIFT_OPTIMIZATION_LEVEL = "-Onone";
			};
			name = Debug;
		};
		A313672F2BB788A000F0CF5A /* Release */ = {
			isa = XCBuildConfiguration;
			buildSettings = {
				ALWAYS_SEARCH_USER_PATHS = NO;
				ASSETCATALOG_COMPILER_GENERATE_SWIFT_ASSET_SYMBOL_EXTENSIONS = YES;
				CLANG_ANALYZER_NONNULL = YES;
				CLANG_ANALYZER_NUMBER_OBJECT_CONVERSION = YES_AGGRESSIVE;
				CLANG_CXX_LANGUAGE_STANDARD = "gnu++20";
				CLANG_ENABLE_MODULES = YES;
				CLANG_ENABLE_OBJC_ARC = YES;
				CLANG_ENABLE_OBJC_WEAK = YES;
				CLANG_WARN_BLOCK_CAPTURE_AUTORELEASING = YES;
				CLANG_WARN_BOOL_CONVERSION = YES;
				CLANG_WARN_COMMA = YES;
				CLANG_WARN_CONSTANT_CONVERSION = YES;
				CLANG_WARN_DEPRECATED_OBJC_IMPLEMENTATIONS = YES;
				CLANG_WARN_DIRECT_OBJC_ISA_USAGE = YES_ERROR;
				CLANG_WARN_DOCUMENTATION_COMMENTS = YES;
				CLANG_WARN_EMPTY_BODY = YES;
				CLANG_WARN_ENUM_CONVERSION = YES;
				CLANG_WARN_INFINITE_RECURSION = YES;
				CLANG_WARN_INT_CONVERSION = YES;
				CLANG_WARN_NON_LITERAL_NULL_CONVERSION = YES;
				CLANG_WARN_OBJC_IMPLICIT_RETAIN_SELF = YES;
				CLANG_WARN_OBJC_LITERAL_CONVERSION = YES;
				CLANG_WARN_OBJC_ROOT_CLASS = YES_ERROR;
				CLANG_WARN_QUOTED_INCLUDE_IN_FRAMEWORK_HEADER = YES;
				CLANG_WARN_RANGE_LOOP_ANALYSIS = YES;
				CLANG_WARN_STRICT_PROTOTYPES = YES;
				CLANG_WARN_SUSPICIOUS_MOVE = YES;
				CLANG_WARN_UNGUARDED_AVAILABILITY = YES_AGGRESSIVE;
				CLANG_WARN_UNREACHABLE_CODE = YES;
				CLANG_WARN__DUPLICATE_METHOD_MATCH = YES;
				COPY_PHASE_STRIP = NO;
				DEBUG_INFORMATION_FORMAT = "dwarf-with-dsym";
				ENABLE_NS_ASSERTIONS = NO;
				ENABLE_STRICT_OBJC_MSGSEND = YES;
				ENABLE_USER_SCRIPT_SANDBOXING = YES;
				GCC_C_LANGUAGE_STANDARD = gnu17;
				GCC_NO_COMMON_BLOCKS = YES;
				GCC_WARN_64_TO_32_BIT_CONVERSION = YES;
				GCC_WARN_ABOUT_RETURN_TYPE = YES_ERROR;
				GCC_WARN_UNDECLARED_SELECTOR = YES;
				GCC_WARN_UNINITIALIZED_AUTOS = YES_AGGRESSIVE;
				GCC_WARN_UNUSED_FUNCTION = YES;
				GCC_WARN_UNUSED_VARIABLE = YES;
				IPHONEOS_DEPLOYMENT_TARGET = 17.4;
				LOCALIZATION_PREFERS_STRING_CATALOGS = YES;
				MTL_ENABLE_DEBUG_INFO = NO;
				MTL_FAST_MATH = YES;
				SDKROOT = iphoneos;
				SWIFT_COMPILATION_MODE = wholemodule;
				VALIDATE_PRODUCT = YES;
			};
			name = Release;
		};
		A31367312BB788A000F0CF5A /* Debug */ = {
			isa = XCBuildConfiguration;
			buildSettings = {
				ASSETCATALOG_COMPILER_APPICON_NAME = AppIcon;
				ASSETCATALOG_COMPILER_GLOBAL_ACCENT_COLOR_NAME = AccentColor;
				CODE_SIGN_STYLE = Automatic;
				CURRENT_PROJECT_VERSION = 1;
				GENERATE_INFOPLIST_FILE = YES;
				INFOPLIST_FILE = Birdler/Info.plist;
				INFOPLIST_KEY_UIApplicationSupportsIndirectInputEvents = YES;
				INFOPLIST_KEY_UILaunchStoryboardName = LaunchScreen;
				INFOPLIST_KEY_UIMainStoryboardFile = "";
				INFOPLIST_KEY_UISupportedInterfaceOrientations_iPad = "UIInterfaceOrientationPortrait UIInterfaceOrientationPortraitUpsideDown UIInterfaceOrientationLandscapeLeft UIInterfaceOrientationLandscapeRight";
				INFOPLIST_KEY_UISupportedInterfaceOrientations_iPhone = "UIInterfaceOrientationPortrait UIInterfaceOrientationLandscapeLeft UIInterfaceOrientationLandscapeRight";
				IPHONEOS_DEPLOYMENT_TARGET = 17.2;
				LD_RUNPATH_SEARCH_PATHS = (
					"$(inherited)",
					"@executable_path/Frameworks",
				);
				MARKETING_VERSION = 1.0;
				PRODUCT_BUNDLE_IDENTIFIER = "Emerson-Ricardo.Birdler";
				PRODUCT_NAME = "$(TARGET_NAME)";
				SWIFT_EMIT_LOC_STRINGS = YES;
				SWIFT_VERSION = 5.0;
				TARGETED_DEVICE_FAMILY = "1,2";
			};
			name = Debug;
		};
		A31367322BB788A000F0CF5A /* Release */ = {
			isa = XCBuildConfiguration;
			buildSettings = {
				ASSETCATALOG_COMPILER_APPICON_NAME = AppIcon;
				ASSETCATALOG_COMPILER_GLOBAL_ACCENT_COLOR_NAME = AccentColor;
				CODE_SIGN_STYLE = Automatic;
				CURRENT_PROJECT_VERSION = 1;
				GENERATE_INFOPLIST_FILE = YES;
				INFOPLIST_FILE = Birdler/Info.plist;
				INFOPLIST_KEY_UIApplicationSupportsIndirectInputEvents = YES;
				INFOPLIST_KEY_UILaunchStoryboardName = LaunchScreen;
				INFOPLIST_KEY_UIMainStoryboardFile = "";
				INFOPLIST_KEY_UISupportedInterfaceOrientations_iPad = "UIInterfaceOrientationPortrait UIInterfaceOrientationPortraitUpsideDown UIInterfaceOrientationLandscapeLeft UIInterfaceOrientationLandscapeRight";
				INFOPLIST_KEY_UISupportedInterfaceOrientations_iPhone = "UIInterfaceOrientationPortrait UIInterfaceOrientationLandscapeLeft UIInterfaceOrientationLandscapeRight";
				IPHONEOS_DEPLOYMENT_TARGET = 17.2;
				LD_RUNPATH_SEARCH_PATHS = (
					"$(inherited)",
					"@executable_path/Frameworks",
				);
				MARKETING_VERSION = 1.0;
				PRODUCT_BUNDLE_IDENTIFIER = "Emerson-Ricardo.Birdler";
				PRODUCT_NAME = "$(TARGET_NAME)";
				SWIFT_EMIT_LOC_STRINGS = YES;
				SWIFT_VERSION = 5.0;
				TARGETED_DEVICE_FAMILY = "1,2";
			};
			name = Release;
		};
/* End XCBuildConfiguration section */

/* Begin XCConfigurationList section */
		A31367172BB7889F00F0CF5A /* Build configuration list for PBXProject "Birdler" */ = {
			isa = XCConfigurationList;
			buildConfigurations = (
				A313672E2BB788A000F0CF5A /* Debug */,
				A313672F2BB788A000F0CF5A /* Release */,
			);
			defaultConfigurationIsVisible = 0;
			defaultConfigurationName = Release;
		};
		A31367302BB788A000F0CF5A /* Build configuration list for PBXNativeTarget "Birdler" */ = {
			isa = XCConfigurationList;
			buildConfigurations = (
				A31367312BB788A000F0CF5A /* Debug */,
				A31367322BB788A000F0CF5A /* Release */,
			);
			defaultConfigurationIsVisible = 0;
			defaultConfigurationName = Release;
		};
/* End XCConfigurationList section */
	};
	rootObject = A31367142BB7889F00F0CF5A /* Project object */;
}
